
Microsoft Visual Studio Solution File, Format Version 12.00
# Visual Studio Version 16
VisualStudioVersion = 16.0.31702.278
MinimumVisualStudioVersion = 10.0.40219.1
Project("{FAE04EC0-301F-11D3-BF4B-00C04F79EFBC}") = "Farcas_Diana_Lab5", "Farcas_Diana_Lab5.csproj", "{EFE55702-D487-4EFC-B13E-08DFB94C783C}"
EndProject
Project("{FAE04EC0-301F-11D3-BF4B-00C04F79EFBC}") = "AutoLotModel", "..\AutoLotModel\AutoLotModel.csproj", "{6B7927A1-03CE-41E8-A824-256046F3A514}"
EndProject
Global
	GlobalSection(SolutionConfigurationPlatforms) = preSolution
		Debug|Any CPU = Debug|Any CPU
		Release|Any CPU = Release|Any CPU
	EndGlobalSection
	GlobalSection(ProjectConfigurationPlatforms) = postSolution
		{EFE55702-D487-4EFC-B13E-08DFB94C783C}.Debug|Any CPU.ActiveCfg = Debug|Any CPU
		{EFE55702-D487-4EFC-B13E-08DFB94C783C}.Debug|Any CPU.Build.0 = Debug|Any CPU
		{EFE55702-D487-4EFC-B13E-08DFB94C783C}.Release|Any CPU.ActiveCfg = Release|Any CPU
		{EFE55702-D487-4EFC-B13E-08DFB94C783C}.Release|Any CPU.Build.0 = Release|Any CPU
		{6B7927A1-03CE-41E8-A824-256046F3A514}.Debug|Any CPU.ActiveCfg = Debug|Any CPU
		{6B7927A1-03CE-41E8-A824-256046F3A514}.Debug|Any CPU.Build.0 = Debug|Any CPU
		{6B7927A1-03CE-41E8-A824-256046F3A514}.Release|Any CPU.ActiveCfg = Release|Any CPU
		{6B7927A1-03CE-41E8-A824-256046F3A514}.Release|Any CPU.Build.0 = Release|Any CPU
	EndGlobalSection
	GlobalSection(SolutionProperties) = preSolution
		HideSolutionNode = FALSE
	EndGlobalSection
	GlobalSection(ExtensibilityGlobals) = postSolution
		SolutionGuid = {B574D9BF-5597-433F-BE78-2B668B5A11BB}
	EndGlobalSection
EndGlobal
